{
  "name": "stock-management",
  "requires": true,
  "lockfileVersion": 1,
  "dependencies": {
    "@babel/code-frame": {
      "version": "7.16.7",
      "resolved": "https://registry.npmjs.org/@babel/code-frame/-/code-frame-7.16.7.tgz",
      "integrity": "sha512-iAXqUn8IIeBTNd72xsFlgaXHkMBMt6y4HJp1tIaK465CWLT/fG1aqB7ykr95gHHmlBdGbFeWWfyB4NJJ0nmeIg==",
      "requires": {
        "@babel/highlight": "^7.16.7"
      }
    },
    "@babel/generator": {
      "version": "7.17.3",
      "resolved": "https://registry.npmjs.org/@babel/generator/-/generator-7.17.3.tgz",
      "integrity": "sha512-+R6Dctil/MgUsZsZAkYgK+ADNSZzJRRy0TvY65T71z/CR854xHQ1EweBYXdfT+HNeN7w0cSJJEzgxZMv40pxsg==",
      "requires": {
        "@babel/types": "^7.17.0",
        "jsesc": "^2.5.1",
        "source-map": "^0.5.0"
      }
    },
    "@babel/helper-annotate-as-pure": {
      "version": "7.16.7",
      "resolved": "https://registry.npmjs.org/@babel/helper-annotate-as-pure/-/helper-annotate-as-pure-7.16.7.tgz",
      "integrity": "sha512-s6t2w/IPQVTAET1HitoowRGXooX8mCgtuP5195wD/QJPV6wYjpujCGF7JuMODVX2ZAJOf1GT6DT9MHEZvLOFSw==",
      "requires": {
        "@babel/types": "^7.16.7"
      }
    },
    "@babel/helper-environment-visitor": {
      "version": "7.16.7",
      "resolved": "https://registry.npmjs.org/@babel/helper-environment-visitor/-/helper-environment-visitor-7.16.7.tgz",
      "integrity": "sha512-SLLb0AAn6PkUeAfKJCCOl9e1R53pQlGAfc4y4XuMRZfqeMYLE0dM1LMhqbGAlGQY0lfw5/ohoYWAe9V1yibRag==",
      "requires": {
        "@babel/types": "^7.16.7"
      }
    },
    "@babel/helper-function-name": {
      "version": "7.16.7",
      "resolved": "https://registry.npmjs.org/@babel/helper-function-name/-/helper-function-name-7.16.7.tgz",
      "integrity": "sha512-QfDfEnIUyyBSR3HtrtGECuZ6DAyCkYFp7GHl75vFtTnn6pjKeK0T1DB5lLkFvBea8MdaiUABx3osbgLyInoejA==",
      "requires": {
        "@babel/helper-get-function-arity": "^7.16.7",
        "@babel/template": "^7.16.7",
        "@babel/types": "^7.16.7"
      }
    },
    "@babel/helper-get-function-arity": {
      "version": "7.16.7",
      "resolved": "https://registry.npmjs.org/@babel/helper-get-function-arity/-/helper-get-function-arity-7.16.7.tgz",
      "integrity": "sha512-flc+RLSOBXzNzVhcLu6ujeHU